
Microsoft Visual Studio Solution File, Format Version 12.00
# Visual Studio Version 17
VisualStudioVersion = 17.0.31919.166
MinimumVisualStudioVersion = 10.0.40219.1
Project("{9A19103F-16F7-4668-BE54-9A1E7A4F7556}") = "Day1", "Day1\Day1.csproj", "{514B7F90-2CB2-407D-B86B-52CF7F28599A}"
EndProject
Project("{9A19103F-16F7-4668-BE54-9A1E7A4F7556}") = "Day2", "Day2\Day2.csproj", "{F7D1AFCF-C858-4344-A65A-6F74684E7960}"
EndProject
Project("{9A19103F-16F7-4668-BE54-9A1E7A4F7556}") = "Day3", "Day3\Day3.csproj", "{1516368A-96A2-494C-9DA6-C9363FEF02F1}"
EndProject
Project("{FAE04EC0-301F-11D3-BF4B-00C04F79EFBC}") = "Day4", "Day4\Day4.csproj", "{58946657-7B04-4306-90BE-E3A6748E4F1F}"
EndProject
Global
	GlobalSection(SolutionConfigurationPlatforms) = preSolution
		Debug|Any CPU = Debug|Any CPU
		Release|Any CPU = Release|Any CPU
	EndGlobalSection
	GlobalSection(ProjectConfigurationPlatforms) = postSolution
		{514B7F90-2CB2-407D-B86B-52CF7F28599A}.Debug|Any CPU.ActiveCfg = Debug|Any CPU
		{514B7F90-2CB2-407D-B86B-52CF7F28599A}.Debug|Any CPU.Build.0 = Debug|Any CPU
		{514B7F90-2CB2-407D-B86B-52CF7F28599A}.Release|Any CPU.ActiveCfg = Release|Any CPU
		{514B7F90-2CB2-407D-B86B-52CF7F28599A}.Release|Any CPU.Build.0 = Release|Any CPU
		{F7D1AFCF-C858-4344-A65A-6F74684E7960}.Debug|Any CPU.ActiveCfg = Debug|Any CPU
		{F7D1AFCF-C858-4344-A65A-6F74684E7960}.Debug|Any CPU.Build.0 = Debug|Any CPU
		{F7D1AFCF-C858-4344-A65A-6F74684E7960}.Release|Any CPU.ActiveCfg = Release|Any CPU
		{F7D1AFCF-C858-4344-A65A-6F74684E7960}.Release|Any CPU.Build.0 = Release|Any CPU
		{1516368A-96A2-494C-9DA6-C9363FEF02F1}.Debug|Any CPU.ActiveCfg = Debug|Any CPU
		{1516368A-96A2-494C-9DA6-C9363FEF02F1}.Debug|Any CPU.Build.0 = Debug|Any CPU
		{1516368A-96A2-494C-9DA6-C9363FEF02F1}.Release|Any CPU.ActiveCfg = Release|Any CPU
		{1516368A-96A2-494C-9DA6-C9363FEF02F1}.Release|Any CPU.Build.0 = Release|Any CPU
		{58946657-7B04-4306-90BE-E3A6748E4F1F}.Debug|Any CPU.ActiveCfg = Debug|Any CPU
		{58946657-7B04-4306-90BE-E3A6748E4F1F}.Debug|Any CPU.Build.0 = Debug|Any CPU
		{58946657-7B04-4306-90BE-E3A6748E4F1F}.Release|Any CPU.ActiveCfg = Release|Any CPU
		{58946657-7B04-4306-90BE-E3A6748E4F1F}.Release|Any CPU.Build.0 = Release|Any CPU
	EndGlobalSection
	GlobalSection(SolutionProperties) = preSolution
		HideSolutionNode = FALSE
	EndGlobalSection
	GlobalSection(ExtensibilityGlobals) = postSolution
		SolutionGuid = {61E6FCD1-545A-43DF-9A5F-A62551C88F00}
	EndGlobalSection
EndGlobal
